Microsoft Visual Studio Solution File, Format Version 12.00
# Visual Studio Version 17
VisualStudioVersion = 17.0.31903.59
MinimumVisualStudioVersion = 10.0.40219.1
Project("{9A19103F-16F7-4668-BE54-9A1E7A4F7556F}") = "ProjectManagement.Domain", "src\ProjectManagement.Domain\ProjectManagement.Domain.csproj", "{B6A087D2-7C16-4D5D-8D1E-CB4FEEFEA011}"
EndProject
Project("{9A19103F-16F7-4668-BE54-9A1E7A4F7556F}") = "ProjectManagement.Application", "src\ProjectManagement.Application\ProjectManagement.Application.csproj", "{47AB0F39-3140-45AE-A574-1E4790952623}"
EndProject
Project("{9A19103F-16F7-4668-BE54-9A1E7A4F7556F}") = "ProjectManagement.Infrastructure", "src\ProjectManagement.Infrastructure\ProjectManagement.Infrastructure.csproj", "{7973637F-87A8-4BA1-8B9F-B3C4503C8764}"
EndProject
Project("{9A19103F-16F7-4668-BE54-9A1E7A4F7556F}") = "ProjectManagement.Web", "src\ProjectManagement.Web\ProjectManagement.Web.csproj", "{D59C8497-3D3D-4014-A276-A244E0647E4F}"
EndProject
Global
	GlobalSection(SolutionConfigurationPlatforms) = preSolution
		Debug|Any CPU = Debug|Any CPU
		Release|Any CPU = Release|Any CPU
	EndGlobalSection
	GlobalSection(ProjectConfigurationPlatforms) = postSolution
		{B6A087D2-7C16-4D5D-8D1E-CB4FEEFEA011}.Debug|Any CPU.ActiveCfg = Debug|Any CPU
		{B6A087D2-7C16-4D5D-8D1E-CB4FEEFEA011}.Debug|Any CPU.Build.0 = Debug|Any CPU
		{B6A087D2-7C16-4D5D-8D1E-CB4FEEFEA011}.Release|Any CPU.ActiveCfg = Release|Any CPU
		{B6A087D2-7C16-4D5D-8D1E-CB4FEEFEA011}.Release|Any CPU.Build.0 = Release|Any CPU
		{47AB0F39-3140-45AE-A574-1E4790952623}.Debug|Any CPU.ActiveCfg = Debug|Any CPU
		{47AB0F39-3140-45AE-A574-1E4790952623}.Debug|Any CPU.Build.0 = Debug|Any CPU
		{47AB0F39-3140-45AE-A574-1E4790952623}.Release|Any CPU.ActiveCfg = Release|Any CPU
		{47AB0F39-3140-45AE-A574-1E4790952623}.Release|Any CPU.Build.0 = Release|Any CPU
		{7973637F-87A8-4BA1-8B9F-B3C4503C8764}.Debug|Any CPU.ActiveCfg = Debug|Any CPU
		{7973637F-87A8-4BA1-8B9F-B3C4503C8764}.Debug|Any CPU.Build.0 = Debug|Any CPU
		{7973637F-87A8-4BA1-8B9F-B3C4503C8764}.Release|Any CPU.ActiveCfg = Release|Any CPU
		{7973637F-87A8-4BA1-8B9F-B3C4503C8764}.Release|Any CPU.Build.0 = Release|Any CPU
		{D59C8497-3D3D-4014-A276-A244E0647E4F}.Debug|Any CPU.ActiveCfg = Debug|Any CPU
		{D59C8497-3D3D-4014-A276-A244E0647E4F}.Debug|Any CPU.Build.0 = Debug|Any CPU
		{D59C8497-3D3D-4014-A276-A244E0647E4F}.Release|Any CPU.ActiveCfg = Release|Any CPU
		{D59C8497-3D3D-4014-A276-A244E0647E4F}.Release|Any CPU.Build.0 = Release|Any CPU
	EndGlobalSection
EndGlobal
